{
  "version": 1,
  "dependencies": {
    "net9.0": {
      "Microsoft.AspNetCore.Authentication.JwtBearer": {
        "type": "Direct",
        "requested": "[9.0.4, )",
        "resolved": "9.0.4",
        "contentHash": "0HgfWPfnjlzWFbW4pw6FYNuIMV8obVU+MUkiZ33g4UOpvZcmdWzdayfheKPZ5+EUly8SvfgW0dJwwIrW4IVLZQ==",
        "dependencies": {
          "Microsoft.IdentityModel.Protocols.OpenIdConnect": "8.0.1"
        }
      },
      "Novell.Directory.Ldap.NETStandard": {
        "type": "Direct",
        "requested": "[4.0.0, )",
        "resolved": "4.0.0",
        "contentHash": "qyaOhuyv5nhp35yK3X0cBa+pnuVyOqec37LKQDzRSmFPECn6d1cnxBCrJdaqgaWuvOQtWa1rqlEaZyp+lpcXZQ==",
        "dependencies": {
          "Microsoft.Extensions.Logging.Abstractions": "9.0.2"
        }
      },
      "Microsoft.Extensions.Configuration": {
        "type": "Transitive",
        "resolved": "7.0.0",
        "contentHash": "tldQUBWt/xeH2K7/hMPPo5g8zuLc3Ro9I5d4o/XrxvxOCA2EZBtW7bCHHTc49fcBtvB8tLAb/Qsmfrq+2SJ4vA==",
        "dependencies": {
          "Microsoft.Extensions.Configuration.Abstractions": "7.0.0",
          "Microsoft.Extensions.Primitives": "7.0.0"
        }
      },
      "Microsoft.Extensions.Configuration.Abstractions": {
        "type": "Transitive",
        "resolved": "7.0.0",
        "contentHash": "f34u2eaqIjNO9YLHBz8rozVZ+TcFiFs0F3r7nUJd7FRkVSxk8u4OpoK226mi49MwexHOR2ibP9MFvRUaLilcQQ==",
        "dependencies": {
          "Microsoft.Extensions.Primitives": "7.0.0"
        }
      },
      "Microsoft.Extensions.Configuration.Binder": {
        "type": "Transitive",
        "resolved": "7.0.0",
        "contentHash": "tgU4u7bZsoS9MKVRiotVMAwHtbREHr5/5zSEV+JPhg46+ox47Au84E3D2IacAaB0bk5ePNaNieTlPrfjbbRJkg==",
        "dependencies": {
          "Microsoft.Extensions.Configuration.Abstractions": "7.0.0"
        }
      },
      "Microsoft.Extensions.DependencyInjection.Abstractions": {
        "type": "Transitive",
        "resolved": "9.0.2",
        "contentHash": "MNe7GSTBf3jQx5vYrXF0NZvn6l7hUKF6J54ENfAgCO8y6xjN1XUmKKWG464LP2ye6QqDiA1dkaWEZBYnhoZzjg=="
      },
      "Microsoft.Extensions.Logging.Abstractions": {
        "type": "Transitive",
        "resolved": "9.0.2",
        "contentHash": "dV9s2Lamc8jSaqhl2BQSPn/AryDIH2sSbQUyLitLXV0ROmsb+SROnn2cH939JFbsNrnf3mIM3GNRKT7P0ldwLg==",
        "dependencies": {
          "Microsoft.Extensions.DependencyInjection.Abstractions": "9.0.2"
        }
      },
      "Microsoft.Extensions.Options": {
        "type": "Transitive",
        "resolved": "7.0.0",
        "contentHash": "lP1yBnTTU42cKpMozuafbvNtQ7QcBjr/CcK3bYOGEMH55Fjt+iecXjT6chR7vbgCMqy3PG3aNQSZgo/EuY/9qQ==",
        "dependencies": {
          "Microsoft.Extensions.DependencyInjection.Abstractions": "7.0.0",
          "Microsoft.Extensions.Primitives": "7.0.0"
        }
      },
      "Microsoft.Extensions.Options.ConfigurationExtensions": {
        "type": "Transitive",
        "resolved": "7.0.0",
        "contentHash": "95UnxZkkFdXxF6vSrtJsMHCzkDeSMuUWGs2hDT54cX+U5eVajrCJ3qLyQRW+CtpTt5OJ8bmTvpQVHu1DLhH+cA==",
        "dependencies": {
          "Microsoft.Extensions.Configuration.Abstractions": "7.0.0",
          "Microsoft.Extensions.Configuration.Binder": "7.0.0",
          "Microsoft.Extensions.DependencyInjection.Abstractions": "7.0.0",
          "Microsoft.Extensions.Options": "7.0.0",
          "Microsoft.Extensions.Primitives": "7.0.0"
        }
      },
      "Microsoft.Extensions.Primitives": {
        "type": "Transitive",
        "resolved": "7.0.0",
        "contentHash": "um1KU5kxcRp3CNuI8o/GrZtD4AIOXDk+RLsytjZ9QPok3ttLUelLKpilVPuaFT3TFjOhSibUAso0odbOaCDj3Q=="
      },
      "Microsoft.IdentityModel.Abstractions": {
        "type": "Transitive",
        "resolved": "8.0.1",
        "contentHash": "OtlIWcyX01olfdevPKZdIPfBEvbcioDyBiE/Z2lHsopsMD7twcKtlN9kMevHmI5IIPhFpfwCIiR6qHQz1WHUIw=="
      },
      "Microsoft.IdentityModel.JsonWebTokens": {
        "type": "Transitive",
        "resolved": "8.0.1",
        "contentHash": "s6++gF9x0rQApQzOBbSyp4jUaAlwm+DroKfL8gdOHxs83k8SJfUXhuc46rDB3rNXBQ1MVRxqKUrqFhO/M0E97g==",
        "dependencies": {
          "Microsoft.IdentityModel.Tokens": "8.0.1"
        }
      },
      "Microsoft.IdentityModel.Logging": {
        "type": "Transitive",
        "resolved": "8.0.1",
        "contentHash": "UCPF2exZqBXe7v/6sGNiM6zCQOUXXQ9+v5VTb9gPB8ZSUPnX53BxlN78v2jsbIvK9Dq4GovQxo23x8JgWvm/Qg==",
        "dependencies": {
          "Microsoft.IdentityModel.Abstractions": "8.0.1"
        }
      },
      "Microsoft.IdentityModel.Protocols": {
        "type": "Transitive",
        "resolved": "8.0.1",
        "contentHash": "uA2vpKqU3I2mBBEaeJAWPTjT9v1TZrGWKdgK6G5qJd03CLx83kdiqO9cmiK8/n1erkHzFBwU/RphP83aAe3i3g==",
        "dependencies": {
          "Microsoft.IdentityModel.Tokens": "8.0.1"
        }
      },
      "Microsoft.IdentityModel.Protocols.OpenIdConnect": {
        "type": "Transitive",
        "resolved": "8.0.1",
        "contentHash": "AQDbfpL+yzuuGhO/mQhKNsp44pm5Jv8/BI4KiFXR7beVGZoSH35zMV3PrmcfvSTsyI6qrcR898NzUauD6SRigg==",
        "dependencies": {
          "Microsoft.IdentityModel.Protocols": "8.0.1",
          "System.IdentityModel.Tokens.Jwt": "8.0.1"
        }
      },
      "Microsoft.IdentityModel.Tokens": {
        "type": "Transitive",
        "resolved": "8.0.1",
        "contentHash": "kDimB6Dkd3nkW2oZPDkMkVHfQt3IDqO5gL0oa8WVy3OP4uE8Ij+8TXnqg9TOd9ufjsY3IDiGz7pCUbnfL18tjg==",
        "dependencies": {
          "Microsoft.IdentityModel.Logging": "8.0.1"
        }
      },
      "System.IdentityModel.Tokens.Jwt": {
        "type": "Transitive",
        "resolved": "8.0.1",
        "contentHash": "GJw3bYkWpOgvN3tJo5X4lYUeIFA2HD293FPUhKmp7qxS+g5ywAb34Dnd3cDAFLkcMohy5XTpoaZ4uAHuw0uSPQ==",
        "dependencies": {
          "Microsoft.IdentityModel.JsonWebTokens": "8.0.1",
          "Microsoft.IdentityModel.Tokens": "8.0.1"
        }
      },
      "gtinventory.application": {
        "type": "Project",
        "dependencies": {
          "GTInventory.Domain": "[1.0.0, )"
        }
      },
      "gtinventory.domain": {
        "type": "Project"
      },
      "gtinventory.infrastructure": {
        "type": "Project",
        "dependencies": {
          "GTInventory.Application": "[1.0.0, )",
          "GTInventory.Domain": "[1.0.0, )",
          "Microsoft.Extensions.Configuration": "[7.0.0, )",
          "Microsoft.Extensions.Options": "[7.0.0, )",
          "Microsoft.Extensions.Options.ConfigurationExtensions": "[7.0.0, )",
          "Microsoft.IdentityModel.Tokens": "[7.0.3, )",
          "Novell.Directory.Ldap.NETStandard": "[4.0.0, )",
          "System.IdentityModel.Tokens.Jwt": "[7.0.3, )"
        }
      }
    }
  }
}